
Microsoft Visual Studio Solution File, Format Version 12.00
# Visual Studio 15
Project("{FAE04EC0-301F-11D3-BF4B-00C04F79EFBC}") = "Assembly-CSharp", "Assembly-CSharp.csproj", "{9B11ACDA-B1F1-5C95-546D-545237E31481}"
EndProject
Project("{FAE04EC0-301F-11D3-BF4B-00C04F79EFBC}") = "Assembly-CSharp-firstpass", "Assembly-CSharp-firstpass.csproj", "{2A2B4431-3D0D-1421-A161-D2DEEF8F82B0}"
EndProject
Project("{FAE04EC0-301F-11D3-BF4B-00C04F79EFBC}") = "Assembly-CSharp-Editor", "Assembly-CSharp-Editor.csproj", "{CABDCDF1-2B73-7BC6-7668-07848BF69DC0}"
EndProject
Global
	GlobalSection(SolutionConfigurationPlatforms) = preSolution
		Debug|Any CPU = Debug|Any CPU
		Release|Any CPU = Release|Any CPU
	EndGlobalSection
	GlobalSection(ProjectConfigurationPlatforms) = postSolution
		{9B11ACDA-B1F1-5C95-546D-545237E31481}.Debug|Any CPU.ActiveCfg = Debug|Any CPU
		{9B11ACDA-B1F1-5C95-546D-545237E31481}.Debug|Any CPU.Build.0 = Debug|Any CPU
		{9B11ACDA-B1F1-5C95-546D-545237E31481}.Release|Any CPU.ActiveCfg = Release|Any CPU
		{9B11ACDA-B1F1-5C95-546D-545237E31481}.Release|Any CPU.Build.0 = Release|Any CPU
		{2A2B4431-3D0D-1421-A161-D2DEEF8F82B0}.Debug|Any CPU.ActiveCfg = Debug|Any CPU
		{2A2B4431-3D0D-1421-A161-D2DEEF8F82B0}.Debug|Any CPU.Build.0 = Debug|Any CPU
		{2A2B4431-3D0D-1421-A161-D2DEEF8F82B0}.Release|Any CPU.ActiveCfg = Release|Any CPU
		{2A2B4431-3D0D-1421-A161-D2DEEF8F82B0}.Release|Any CPU.Build.0 = Release|Any CPU
		{CABDCDF1-2B73-7BC6-7668-07848BF69DC0}.Debug|Any CPU.ActiveCfg = Debug|Any CPU
		{CABDCDF1-2B73-7BC6-7668-07848BF69DC0}.Debug|Any CPU.Build.0 = Debug|Any CPU
		{CABDCDF1-2B73-7BC6-7668-07848BF69DC0}.Release|Any CPU.ActiveCfg = Release|Any CPU
		{CABDCDF1-2B73-7BC6-7668-07848BF69DC0}.Release|Any CPU.Build.0 = Release|Any CPU
	EndGlobalSection
	GlobalSection(SolutionProperties) = preSolution
		HideSolutionNode = FALSE
	EndGlobalSection
EndGlobal
